// !$*UTF8*$!
{
	archiveVersion = 1;
	classes = {
	};
	objectVersion = 55;
	objects = {

/* Begin PBXBuildFile section */
		7860DEE328D783CE004BF397 /* AppDelegate.swift in Sources */ = {isa = PBXBuildFile; fileRef = 7860DEE228D783CE004BF397 /* AppDelegate.swift */; };
		7860DEE528D783CE004BF397 /* SceneDelegate.swift in Sources */ = {isa = PBXBuildFile; fileRef = 7860DEE428D783CE004BF397 /* SceneDelegate.swift */; };
		7860DEE728D783CE004BF397 /* ViewController.swift in Sources */ = {isa = PBXBuildFile; fileRef = 7860DEE628D783CE004BF397 /* ViewController.swift */; };
		7860DEEA28D783CE004BF397 /* Main.storyboard in Resources */ = {isa = PBXBuildFile; fileRef = 7860DEE828D783CE004BF397 /* Main.storyboard */; };
		7860DEEC28D783D0004BF397 /* Assets.xcassets in Resources */ = {isa = PBXBuildFile; fileRef = 7860DEEB28D783D0004BF397 /* Assets.xcassets */; };
		7860DEEF28D783D0004BF397 /* LaunchScreen.storyboard in Resources */ = {isa = PBXBuildFile; fileRef = 7860DEED28D783D0004BF397 /* LaunchScreen.storyboard */; };
		7C7B6E7D90868FE62F138671 /* Pods_HomeWorkMaps.framework in Frameworks */ = {isa = PBXBuildFile; fileRef = CFB9C2DCABE2F21A424B3C70 /* Pods_HomeWorkMaps.framework */; };
/* End PBXBuildFile section */

/* Begin PBXFileReference section */
		39D3DE252C4EF2295607DB26 /* Pods-HomeWorkMaps.release.xcconfig */ = {isa = PBXFileReference; includeInIndex = 1; lastKnownFileType = text.xcconfig; name = "Pods-HomeWorkMaps.release.xcconfig"; path = "Target Support Files/Pods-HomeWorkMaps/Pods-HomeWorkMaps.release.xcconfig"; sourceTree = "<group>"; };
		4EAE41C73BB736A43D67C052 /* Pods-HomeWorkMaps.debug.xcconfig */ = {isa = PBXFileReference; includeInIndex = 1; lastKnownFileType = text.xcconfig; name = "Pods-HomeWorkMaps.debug.xcconfig"; path = "Target Support Files/Pods-HomeWorkMaps/Pods-HomeWorkMaps.debug.xcconfig"; sourceTree = "<group>"; };
		7860DEDF28D783CE004BF397 /* HomeWorkMaps.app */ = {isa = PBXFileReference; explicitFileType = wrapper.application; includeInIndex = 0; path = HomeWorkMaps.app; sourceTree = BUILT_PRODUCTS_DIR; };
		7860DEE228D783CE004BF397 /* AppDelegate.swift */ = {isa = PBXFileReference; lastKnownFileType = sourcecode.swift; path = AppDelegate.swift; sourceTree = "<group>"; };
		7860DEE428D783CE004BF397 /* SceneDelegate.swift */ = {isa = PBXFileReference; lastKnownFileType = sourcecode.swift; path = SceneDelegate.swift; sourceTree = "<group>"; };
		7860DEE628D783CE004BF397 /* ViewController.swift */ = {isa = PBXFileReference; lastKnownFileType = sourcecode.swift; path = ViewController.swift; sourceTree = "<group>"; };
		7860DEE928D783CE004BF397 /* Base */ = {isa = PBXFileReference; lastKnownFileType = file.storyboard; name = Base; path = Base.lproj/Main.storyboard; sourceTree = "<group>"; };
		7860DEEB28D783D0004BF397 /* Assets.xcassets */ = {isa = PBXFileReference; lastKnownFileType = folder.assetcatalog; path = Assets.xcassets; sourceTree = "<group>"; };
		7860DEEE28D783D0004BF397 /* Base */ = {isa = PBXFileReference; lastKnownFileType = file.storyboard; name = Base; path = Base.lproj/LaunchScreen.storyboard; sourceTree = "<group>"; };
		7860DEF028D783D0004BF397 /* Info.plist */ = {isa = PBXFileReference; lastKnownFileType = text.plist.xml; path = Info.plist; sourceTree = "<group>"; };
		CFB9C2DCABE2F21A424B3C70 /* Pods_HomeWorkMaps.framework */ = {isa = PBXFileReference; explicitFileType = wrapper.framework; includeInIndex = 0; path = Pods_HomeWorkMaps.framework; sourceTree = BUILT_PRODUCTS_DIR; };
/* End PBXFileReference section */

/* Begin PBXFrameworksBuildPhase section */
		7860DEDC28D783CE004BF397 /* Frameworks */ = {
			isa = PBXFrameworksBuildPhase;
			buildActionMask = 2147483647;
			files = (
				7C7B6E7D90868FE62F138671 /* Pods_HomeWorkMaps.framework in Frameworks */,
			);
			runOnlyForDeploymentPostprocessing = 0;
		};
/* End PBXFrameworksBuildPhase section */

/* Begin PBXGroup section */
		7139FABCA7E20003CBCD0CA5 /* Pods */ = {
			isa = PBXGroup;
			children = (
				4EAE41C73BB736A43D67C052 /* Pods-HomeWorkMaps.debug.xcconfig */,
				39D3DE252C4EF2295607DB26 /* Pods-HomeWorkMaps.release.xcconfig */,
			);
			name = Pods;
			path = Pods;
			sourceTree = "<group>";
		};
		7860DED628D783CE004BF397 = {
			isa = PBXGroup;
			children = (
				7860DEE128D783CE004BF397 /* HomeWorkMaps */,
				7860DEE028D783CE004BF397 /* Products */,
				7139FABCA7E20003CBCD0CA5 /* Pods */,
				B23242FB7531CB14DA9C8F3D /* Frameworks */,
			);
			sourceTree = "<group>";
		};
		7860DEE028D783CE004BF397 /* Products */ = {
			isa = PBXGroup;
			children = (
				7860DEDF28D783CE004BF397 /* HomeWorkMaps.app */,
			);
			name = Products;
			sourceTree = "<group>";
		};
		7860DEE128D783CE004BF397 /* HomeWorkMaps */ = {
			isa = PBXGroup;
			children = (
				7860DEE228D783CE004BF397 /* AppDelegate.swift */,
				7860DEE428D783CE004BF397 /* SceneDelegate.swift */,
				7860DEE628D783CE004BF397 /* ViewController.swift */,
				7860DEE828D783CE004BF397 /* Main.storyboard */,
				7860DEEB28D783D0004BF397 /* Assets.xcassets */,
				7860DEED28D783D0004BF397 /* LaunchScreen.storyboard */,
				7860DEF028D783D0004BF397 /* Info.plist */,
			);
			path = HomeWorkMaps;
			sourceTree = "<group>";
		};
		B23242FB7531CB14DA9C8F3D /* Frameworks */ = {
			isa = PBXGroup;
			children = (
				CFB9C2DCABE2F21A424B3C70 /* Pods_HomeWorkMaps.framework */,
			);
			name = Frameworks;
			sourceTree = "<group>";
		};
/* End PBXGroup section */

/* Begin PBXNativeTarget section */
		7860DEDE28D783CE004BF397 /* HomeWorkMaps */ = {
			isa = PBXNativeTarget;
			buildConfigurationList = 7860DEF328D783D0004BF397 /* Build configuration list for PBXNativeTarget "HomeWorkMaps" */;
			buildPhases = (
				E290F400B75D7753DAA7155B /* [CP] Check Pods Manifest.lock */,
				7860DEDB28D783CE004BF397 /* Sources */,
				7860DEDC28D783CE004BF397 /* Frameworks */,
				7860DEDD28D783CE004BF397 /* Resources */,
				86B9CD7355843695F7B58336 /* [CP] Copy Pods Resources */,
			);
			buildRules = (
			);
			dependencies = (
			);
			name = HomeWorkMaps;
			productName = HomeWorkMaps;
			productReference = 7860DEDF28D783CE004BF397 /* HomeWorkMaps.app */;
			productType = "com.apple.product-type.application";
		};
/* End PBXNativeTarget section */

/* Begin PBXProject section */
		7860DED728D783CE004BF397 /* Project object */ = {
			isa = PBXProject;
			attributes = {
				BuildIndependentTargetsInParallel = 1;
				LastSwiftUpdateCheck = 1340;
				LastUpgradeCheck = 1340;
				TargetAttributes = {
					7860DEDE28D783CE004BF397 = {
						CreatedOnToolsVersion = 13.4.1;
					};
				};
			};
			buildConfigurationList = 7860DEDA28D783CE004BF397 /* Build configuration list for PBXProject "HomeWorkMaps" */;
			compatibilityVersion = "Xcode 13.0";
			developmentRegion = en;
			hasScannedForEncodings = 0;
			knownRegions = (
				en,
				Base,
			);
			mainGroup = 7860DED628D783CE004BF397;
			productRefGroup = 7860DEE028D783CE004BF397 /* Products */;
			projectDirPath = "";
			projectRoot = "";
			targets = (
				7860DEDE28D783CE004BF397 /* HomeWorkMaps */,
			);
		};
/* End PBXProject section */

/* Begin PBXResourcesBuildPhase section */
		7860DEDD28D783CE004BF397 /* Resources */ = {
			isa = PBXResourcesBuildPhase;
			buildActionMask = 2147483647;
			files = (
				7860DEEF28D783D0004BF397 /* LaunchScreen.storyboard in Resources */,
				7860DEEC28D783D0004BF397 /* Assets.xcassets in Resources */,
				7860DEEA28D783CE004BF397 /* Main.storyboard in Resources */,
			);
			runOnlyForDeploymentPostprocessing = 0;
		};
/* End PBXResourcesBuildPhase section */

/* Begin PBXShellScriptBuildPhase section */
		86B9CD7355843695F7B58336 /* [CP] Copy Pods Resources */ = {
			isa = PBXShellScriptBuildPhase;
			buildActionMask = 2147483647;
			files = (
			);
			inputFileListPaths = (
				"${PODS_ROOT}/Target Support Files/Pods-HomeWorkMaps/Pods-HomeWorkMaps-resources-${CONFIGURATION}-input-files.xcfilelist",
			);
			name = "[CP] Copy Pods Resources";
			outputFileListPaths = (
				"${PODS_ROOT}/Target Support Files/Pods-HomeWorkMaps/Pods-HomeWorkMaps-resources-${CONFIGURATION}-output-files.xcfilelist",
			);
			runOnlyForDeploymentPostprocessing = 0;
			shellPath = /bin/sh;
			shellScript = "\"${PODS_ROOT}/Target Support Files/Pods-HomeWorkMaps/Pods-HomeWorkMaps-resources.sh\"\n";
			showEnvVarsInLog = 0;
		};
		E290F400B75D7753DAA7155B /* [CP] Check Pods Manifest.lock */ = {
			isa = PBXShellScriptBuildPhase;
			buildActionMask = 2147483647;
			files = (
			);
			inputFileListPaths = (
			);
			inputPaths = (
				"${PODS_PODFILE_DIR_PATH}/Podfile.lock",
				"${PODS_ROOT}/Manifest.lock",
			);
			name = "[CP] Check Pods Manifest.lock";
			outputFileListPaths = (
			);
			outputPaths = (
				"$(DERIVED_FILE_DIR)/Pods-HomeWorkMaps-checkManifestLockResult.txt",
			);
			runOnlyForDeploymentPostprocessing = 0;
			shellPath = /bin/sh;
			shellScript = "diff \"${PODS_PODFILE_DIR_PATH}/Podfile.lock\" \"${PODS_ROOT}/Manifest.lock\" > /dev/null\nif [ $? != 0 ] ; then\n    # print error to STDERR\n    echo \"error: The sandbox is not in sync with the Podfile.lock. Run 'pod install' or update your CocoaPods installation.\" >&2\n    exit 1\nfi\n# This output is used by Xcode 'outputs' to avoid re-running this script phase.\necho \"SUCCESS\" > \"${SCRIPT_OUTPUT_FILE_0}\"\n";
			showEnvVarsInLog = 0;
		};
/* End PBXShellScriptBuildPhase section */

/* Begin PBXSourcesBuildPhase section */
		7860DEDB28D783CE004BF397 /* Sources */ = {
			isa = PBXSourcesBuildPhase;
			buildActionMask = 2147483647;
			files = (
				7860DEE728D783CE004BF397 /* ViewController.swift in Sources */,
				7860DEE328D783CE004BF397 /* AppDelegate.swift in Sources */,
				7860DEE528D783CE004BF397 /* SceneDelegate.swift in Sources */,
			);
			runOnlyForDeploymentPostprocessing = 0;
		};
/* End PBXSourcesBuildPhase section */

/* Begin PBXVariantGroup section */
		7860DEE828D783CE004BF397 /* Main.storyboard */ = {
			isa = PBXVariantGroup;
			children = (
				7860DEE928D783CE004BF397 /* Base */,
			);
			name = Main.storyboard;
			sourceTree = "<group>";
		};
		7860DEED28D783D0004BF397 /* LaunchScreen.storyboard */ = {
			isa = PBXVariantGroup;
			children = (
				7860DEEE28D783D0004BF397 /* Base */,
			);
			name = LaunchScreen.storyboard;
			sourceTree = "<group>";
		};
/* End PBXVariantGroup section */

/* Begin XCBuildConfiguration section */
		7860DEF128D783D0004BF397 /* Debug */ = {
			isa = XCBuildConfiguration;
			buildSettings = {
				ALWAYS_SEARCH_USER_PATHS = NO;
				CLANG_ANALYZER_NONNULL = YES;
				CLANG_ANALYZER_NUMBER_OBJECT_CONVERSION = YES_AGGRESSIVE;
				CLANG_CXX_LANGUAGE_STANDARD = "gnu++17";
				CLANG_ENABLE_MODULES = YES;
				CLANG_ENABLE_OBJC_ARC = YES;
				CLANG_ENABLE_OBJC_WEAK = YES;
				CLANG_WARN_BLOCK_CAPTURE_AUTORELEASING = YES;
				CLANG_WARN_BOOL_CONVERSION = YES;
				CLANG_WARN_COMMA = YES;
				CLANG_WARN_CONSTANT_CONVERSION = YES;
				CLANG_WARN_DEPRECATED_OBJC_IMPLEMENTATIONS = YES;
				CLANG_WARN_DIRECT_OBJC_ISA_USAGE = YES_ERROR;
				CLANG_WARN_DOCUMENTATION_COMMENTS = YES;
				CLANG_WARN_EMPTY_BODY = YES;
				CLANG_WARN_ENUM_CONVERSION = YES;
				CLANG_WARN_INFINITE_RECURSION = YES;
				CLANG_WARN_INT_CONVERSION = YES;
				CLANG_WARN_NON_LITERAL_NULL_CONVERSION = YES;
				CLANG_WARN_OBJC_IMPLICIT_RETAIN_SELF = YES;
				CLANG_WARN_OBJC_LITERAL_CONVERSION = YES;
				CLANG_WARN_OBJC_ROOT_CLASS = YES_ERROR;
				CLANG_WARN_QUOTED_INCLUDE_IN_FRAMEWORK_HEADER = YES;
				CLANG_WARN_RANGE_LOOP_ANALYSIS = YES;
				CLANG_WARN_STRICT_PROTOTYPES = YES;
				CLANG_WARN_SUSPICIOUS_MOVE = YES;
				CLANG_WARN_UNGUARDED_AVAILABILITY = YES_AGGRESSIVE;
				CLANG_WARN_UNREACHABLE_CODE = YES;
				CLANG_WARN__DUPLICATE_METHOD_MATCH = YES;
				COPY_PHASE_STRIP = NO;
				DEBUG_INFORMATION_FORMAT = dwarf;
				ENABLE_STRICT_OBJC_MSGSEND = YES;
				ENABLE_TESTABILITY = YES;
				GCC_C_LANGUAGE_STANDARD = gnu11;
				GCC_DYNAMIC_NO_PIC = NO;
				GCC_NO_COMMON_BLOCKS = YES;
				GCC_OPTIMIZATION_LEVEL = 0;
				GCC_PREPROCESSOR_DEFINITIONS = (
					"DEBUG=1",
					"$(inherited)",
				);
				GCC_WARN_64_TO_32_BIT_CONVERSION = YES;
				GCC_WARN_ABOUT_RETURN_TYPE = YES_ERROR;
				GCC_WARN_UNDECLARED_SELECTOR = YES;
				GCC_WARN_UNINITIALIZED_AUTOS = YES_AGGRESSIVE;
				GCC_WARN_UNUSED_FUNCTION = YES;
				GCC_WARN_UNUSED_VARIABLE = YES;
				IPHONEOS_DEPLOYMENT_TARGET = 15.5;
				MTL_ENABLE_DEBUG_INFO = INCLUDE_SOURCE;
				MTL_FAST_MATH = YES;
				ONLY_ACTIVE_ARCH = YES;
				SDKROOT = iphoneos;
				SWIFT_ACTIVE_COMPILATION_CONDITIONS = DEBUG;
				SWIFT_OPTIMIZATION_LEVEL = "-Onone";
			};
			name = Debug;
		};
		7860DEF228D783D0004BF397 /* Release */ = {
			isa = XCBuildConfiguration;
			buildSettings = {
				ALWAYS_SEARCH_USER_PATHS = NO;
				CLANG_ANALYZER_NONNULL = YES;
				CLANG_ANALYZER_NUMBER_OBJECT_CONVERSION = YES_AGGRESSIVE;
				CLANG_CXX_LANGUAGE_STANDARD = "gnu++17";
				CLANG_ENABLE_MODULES = YES;
				CLANG_ENABLE_OBJC_ARC = YES;
				CLANG_ENABLE_OBJC_WEAK = YES;
				CLANG_WARN_BLOCK_CAPTURE_AUTORELEASING = YES;
				CLANG_WARN_BOOL_CONVERSION = YES;
				CLANG_WARN_COMMA = YES;
				CLANG_WARN_CONSTANT_CONVERSION = YES;
				CLANG_WARN_DEPRECATED_OBJC_IMPLEMENTATIONS = YES;
				CLANG_WARN_DIRECT_OBJC_ISA_USAGE = YES_ERROR;
				CLANG_WARN_DOCUMENTATION_COMMENTS = YES;
				CLANG_WARN_EMPTY_BODY = YES;
				CLANG_WARN_ENUM_CONVERSION = YES;
				CLANG_WARN_INFINITE_RECURSION = YES;
				CLANG_WARN_INT_CONVERSION = YES;
				CLANG_WARN_NON_LITERAL_NULL_CONVERSION = YES;
				CLANG_WARN_OBJC_IMPLICIT_RETAIN_SELF = YES;
				CLANG_WARN_OBJC_LITERAL_CONVERSION = YES;
				CLANG_WARN_OBJC_ROOT_CLASS = YES_ERROR;
				CLANG_WARN_QUOTED_INCLUDE_IN_FRAMEWORK_HEADER = YES;
				CLANG_WARN_RANGE_LOOP_ANALYSIS = YES;
				CLANG_WARN_STRICT_PROTOTYPES = YES;
				CLANG_WARN_SUSPICIOUS_MOVE = YES;
				CLANG_WARN_UNGUARDED_AVAILABILITY = YES_AGGRESSIVE;
				CLANG_WARN_UNREACHABLE_CODE = YES;
				CLANG_WARN__DUPLICATE_METHOD_MATCH = YES;
				COPY_PHASE_STRIP = NO;
				DEBUG_INFORMATION_FORMAT = "dwarf-with-dsym";
				ENABLE_NS_ASSERTIONS = NO;
				ENABLE_STRICT_OBJC_MSGSEND = YES;
				GCC_C_LANGUAGE_STANDARD = gnu11;
				GCC_NO_COMMON_BLOCKS = YES;
				GCC_WARN_64_TO_32_BIT_CONVERSION = YES;
				GCC_WARN_ABOUT_RETURN_TYPE = YES_ERROR;
				GCC_WARN_UNDECLARED_SELECTOR = YES;
				GCC_WARN_UNINITIALIZED_AUTOS = YES_AGGRESSIVE;
				GCC_WARN_UNUSED_FUNCTION = YES;
				GCC_WARN_UNUSED_VARIABLE = YES;
				IPHONEOS_DEPLOYMENT_TARGET = 15.5;
				MTL_ENABLE_DEBUG_INFO = NO;
				MTL_FAST_MATH = YES;
				SDKROOT = iphoneos;
				SWIFT_COMPILATION_MODE = wholemodule;
				SWIFT_OPTIMIZATION_LEVEL = "-O";
				VALIDATE_PRODUCT = YES;
			};
			name = Release;
		};
		7860DEF428D783D0004BF397 /* Debug */ = {
			isa = XCBuildConfiguration;
			baseConfigurationReference = 4EAE41C73BB736A43D67C052 /* Pods-HomeWorkMaps.debug.xcconfig */;
			buildSettings = {
				ASSETCATALOG_COMPILER_APPICON_NAME = AppIcon;
				ASSETCATALOG_COMPILER_GLOBAL_ACCENT_COLOR_NAME = AccentColor;
				CODE_SIGN_STYLE = Automatic;
				CURRENT_PROJECT_VERSION = 1;
				DEVELOPMENT_TEAM = STW7SF37T7;
				GENERATE_INFOPLIST_FILE = YES;
				INFOPLIST_FILE = HomeWorkMaps/Info.plist;
				INFOPLIST_KEY_UIApplicationSupportsIndirectInputEvents = YES;
				INFOPLIST_KEY_UILaunchStoryboardName = LaunchScreen;
				INFOPLIST_KEY_UIMainStoryboardFile = Main;
				INFOPLIST_KEY_UISupportedInterfaceOrientations_iPad = "UIInterfaceOrientationPortrait UIInterfaceOrientationPortraitUpsideDown UIInterfaceOrientationLandscapeLeft UIInterfaceOrientationLandscapeRight";
				INFOPLIST_KEY_UISupportedInterfaceOrientations_iPhone = "UIInterfaceOrientationPortrait UIInterfaceOrientationLandscapeLeft UIInterfaceOrientationLandscapeRight";
				LD_RUNPATH_SEARCH_PATHS = (
					"$(inherited)",
					"@executable_path/Frameworks",
				);
				MARKETING_VERSION = 1.0;
				PRODUCT_BUNDLE_IDENTIFIER = IF.HomeWorkMaps;
				PRODUCT_NAME = "$(TARGET_NAME)";
				SWIFT_EMIT_LOC_STRINGS = YES;
				SWIFT_VERSION = 5.0;
				TARGETED_DEVICE_FAMILY = "1,2";
			};
			name = Debug;
		};
		7860DEF528D783D0004BF397 /* Release */ = {
			isa = XCBuildConfiguration;
			baseConfigurationReference = 39D3DE252C4EF2295607DB26 /* Pods-HomeWorkMaps.release.xcconfig */;
			buildSettings = {
				ASSETCATALOG_COMPILER_APPICON_NAME = AppIcon;
				ASSETCATALOG_COMPILER_GLOBAL_ACCENT_COLOR_NAME = AccentColor;
				CODE_SIGN_STYLE = Automatic;
				CURRENT_PROJECT_VERSION = 1;
				DEVELOPMENT_TEAM = STW7SF37T7;
				GENERATE_INFOPLIST_FILE = YES;
				INFOPLIST_FILE = HomeWorkMaps/Info.plist;
				INFOPLIST_KEY_UIApplicationSupportsIndirectInputEvents = YES;
				INFOPLIST_KEY_UILaunchStoryboardName = LaunchScreen;
				INFOPLIST_KEY_UIMainStoryboardFile = Main;
				INFOPLIST_KEY_UISupportedInterfaceOrientations_iPad = "UIInterfaceOrientationPortrait UIInterfaceOrientationPortraitUpsideDown UIInterfaceOrientationLandscapeLeft UIInterfaceOrientationLandscapeRight";
				INFOPLIST_KEY_UISupportedInterfaceOrientations_iPhone = "UIInterfaceOrientationPortrait UIInterfaceOrientationLandscapeLeft UIInterfaceOrientationLandscapeRight";
				LD_RUNPATH_SEARCH_PATHS = (
					"$(inherited)",
					"@executable_path/Frameworks",
				);
				MARKETING_VERSION = 1.0;
				PRODUCT_BUNDLE_IDENTIFIER = IF.HomeWorkMaps;
				PRODUCT_NAME = "$(TARGET_NAME)";
				SWIFT_EMIT_LOC_STRINGS = YES;
				SWIFT_VERSION = 5.0;
				TARGETED_DEVICE_FAMILY = "1,2";
			};
			name = Release;
		};
/* End XCBuildConfiguration section */

/* Begin XCConfigurationList section */
		7860DEDA28D783CE004BF397 /* Build configuration list for PBXProject "HomeWorkMaps" */ = {
			isa = XCConfigurationList;
			buildConfigurations = (
				7860DEF128D783D0004BF397 /* Debug */,
				7860DEF228D783D0004BF397 /* Release */,
			);
			defaultConfigurationIsVisible = 0;
			defaultConfigurationName = Release;
		};
		7860DEF328D783D0004BF397 /* Build configuration list for PBXNativeTarget "HomeWorkMaps" */ = {
			isa = XCConfigurationList;
			buildConfigurations = (
				7860DEF428D783D0004BF397 /* Debug */,
				7860DEF528D783D0004BF397 /* Release */,
			);
			defaultConfigurationIsVisible = 0;
			defaultConfigurationName = Release;
		};
/* End XCConfigurationList section */
	};
	rootObject = 7860DED728D783CE004BF397 /* Project object */;
}
